{
  "name": "ajs-platforms",
  "version": "1.0.0",
  "lockfileVersion": 1,
  "requires": true,
  "dependencies": {
    "@nionka/ajs": {
      "version": "1.0.0",
      "resolved": "https://npm.pkg.github.com/download/@nionka/ajs/1.0.0/150a066f8489e7e3795d1ce4c888522495a90c8850f5900036d84fe5b006ed8b",
      "integrity": "sha512-9iqkzYiZG2qArRVFaKeoWJJyVWclDcUscJeLmI0oCk4hAKiAXvz0KOIvhbw2LDxNF107e9bfpH8hYeW8A6q71w=="
    }
  }
}
